
Microsoft Visual Studio Solution File, Format Version 12.00
# Visual Studio Version 17
VisualStudioVersion = 17.6.33815.320
MinimumVisualStudioVersion = 10.0.40219.1
Project("{9A19103F-16F7-4668-BE54-9A1E7A4F7556}") = "Prueba.API", "Prueba.API\Prueba.API.csproj", "{231AB98D-31E8-4734-BE4B-164BC29D8EAA}"
EndProject
Project("{9A19103F-16F7-4668-BE54-9A1E7A4F7556}") = "Prueba.Data", "Prueba.Data\Prueba.Data.csproj", "{A7D7CE75-8579-47A2-A9B7-307C53235555}"
EndProject
Project("{FAE04EC0-301F-11D3-BF4B-00C04F79EFBC}") = "Prueba.Web", "Prueba.Web\Prueba.Web.csproj", "{20B7F43A-33E4-484D-A94A-C0FD17D8D2A1}"
EndProject
Global
	GlobalSection(SolutionConfigurationPlatforms) = preSolution
		Debug|Any CPU = Debug|Any CPU
		Release|Any CPU = Release|Any CPU
	EndGlobalSection
	GlobalSection(ProjectConfigurationPlatforms) = postSolution
		{231AB98D-31E8-4734-BE4B-164BC29D8EAA}.Debug|Any CPU.ActiveCfg = Debug|Any CPU
		{231AB98D-31E8-4734-BE4B-164BC29D8EAA}.Debug|Any CPU.Build.0 = Debug|Any CPU
		{231AB98D-31E8-4734-BE4B-164BC29D8EAA}.Release|Any CPU.ActiveCfg = Release|Any CPU
		{231AB98D-31E8-4734-BE4B-164BC29D8EAA}.Release|Any CPU.Build.0 = Release|Any CPU
		{A7D7CE75-8579-47A2-A9B7-307C53235555}.Debug|Any CPU.ActiveCfg = Debug|Any CPU
		{A7D7CE75-8579-47A2-A9B7-307C53235555}.Debug|Any CPU.Build.0 = Debug|Any CPU
		{A7D7CE75-8579-47A2-A9B7-307C53235555}.Release|Any CPU.ActiveCfg = Release|Any CPU
		{A7D7CE75-8579-47A2-A9B7-307C53235555}.Release|Any CPU.Build.0 = Release|Any CPU
		{20B7F43A-33E4-484D-A94A-C0FD17D8D2A1}.Debug|Any CPU.ActiveCfg = Debug|Any CPU
		{20B7F43A-33E4-484D-A94A-C0FD17D8D2A1}.Debug|Any CPU.Build.0 = Debug|Any CPU
		{20B7F43A-33E4-484D-A94A-C0FD17D8D2A1}.Release|Any CPU.ActiveCfg = Release|Any CPU
		{20B7F43A-33E4-484D-A94A-C0FD17D8D2A1}.Release|Any CPU.Build.0 = Release|Any CPU
	EndGlobalSection
	GlobalSection(SolutionProperties) = preSolution
		HideSolutionNode = FALSE
	EndGlobalSection
	GlobalSection(ExtensibilityGlobals) = postSolution
		SolutionGuid = {DF7DE12E-43F3-434A-9783-8C4FF78E0ECE}
	EndGlobalSection
EndGlobal
